PODS:
  - AFNetworking (2.3.1):
    - AFNetworking/NSURLConnection
    - AFNetworking/NSURLSession
    - AFNetworking/Reachability
    - AFNetworking/Security
    - AFNetworking/Serialization
    - AFNetworking/UIKit
  - AFNetworking/NSURLConnection (2.3.1):
    - AFNetworking/Reachability
    - AFNetworking/Security
    - AFNetworking/Serialization
  - AFNetworking/NSURLSession (2.3.1):
    - AFNetworking/Reachability
    - AFNetworking/Security
    - AFNetworking/Serialization
  - AFNetworking/Reachability (2.3.1)
  - AFNetworking/Security (2.3.1)
  - AFNetworking/Serialization (2.3.1)
  - AFNetworking/UIKit (2.3.1):
    - AFNetworking/NSURLConnection
    - AFNetworking/NSURLSession
  - Lockbox (1.4.9)
  - NXOAuth2Client (1.2.8)

DEPENDENCIES:
  - AFNetworking (~> 2.3.1)
  - Lockbox (~> 1.4.9)
  - NXOAuth2Client (~> 1.2.8)

SPEC CHECKSUMS:
  AFNetworking: 05b9f6e3aa5ac45bc383b4bb108ef338080a26c7
  Lockbox: 3348ce6edd1a44d00fcdb7f32e133a274d604df8
  NXOAuth2Client: 98c4d4c594edd2b289cfc34a8928653e1dab7adf

COCOAPODS: 0.33.1
